
Microsoft Visual Studio Solution File, Format Version 12.00
# Visual Studio 14
VisualStudioVersion = 14.0.25420.1
MinimumVisualStudioVersion = 10.0.40219.1
Project("{FAE04EC0-301F-11D3-BF4B-00C04F79EFBC}") = "SpacedRepetitionMVP", "SpacedRepetitionMVP\SpacedRepetitionMVP.csproj", "{7DD95C99-F863-4B93-BEE8-A449DF2DE783}"
EndProject
Project("{FAE04EC0-301F-11D3-BF4B-00C04F79EFBC}") = "spacedrepetition.middlelayer", "spacedrepetition.middlelayer\spacedrepetition.middlelayer.csproj", "{A32A3651-C8A1-40F0-8EA2-A7F4447DF5B8}"
EndProject
Global
	GlobalSection(SolutionConfigurationPlatforms) = preSolution
		Debug|Any CPU = Debug|Any CPU
		Release|Any CPU = Release|Any CPU
	EndGlobalSection
	GlobalSection(ProjectConfigurationPlatforms) = postSolution
		{7DD95C99-F863-4B93-BEE8-A449DF2DE783}.Debug|Any CPU.ActiveCfg = Debug|Any CPU
		{7DD95C99-F863-4B93-BEE8-A449DF2DE783}.Debug|Any CPU.Build.0 = Debug|Any CPU
		{7DD95C99-F863-4B93-BEE8-A449DF2DE783}.Release|Any CPU.ActiveCfg = Release|Any CPU
		{7DD95C99-F863-4B93-BEE8-A449DF2DE783}.Release|Any CPU.Build.0 = Release|Any CPU
		{A32A3651-C8A1-40F0-8EA2-A7F4447DF5B8}.Debug|Any CPU.ActiveCfg = Debug|Any CPU
		{A32A3651-C8A1-40F0-8EA2-A7F4447DF5B8}.Debug|Any CPU.Build.0 = Debug|Any CPU
		{A32A3651-C8A1-40F0-8EA2-A7F4447DF5B8}.Release|Any CPU.ActiveCfg = Release|Any CPU
		{A32A3651-C8A1-40F0-8EA2-A7F4447DF5B8}.Release|Any CPU.Build.0 = Release|Any CPU
	EndGlobalSection
	GlobalSection(SolutionProperties) = preSolution
		HideSolutionNode = FALSE
	EndGlobalSection
EndGlobal
